
Microsoft Visual Studio Solution File, Format Version 12.00
# Visual Studio Version 17
VisualStudioVersion = 17.4.33205.214
MinimumVisualStudioVersion = 10.0.40219.1
Project("{FAE04EC0-301F-11D3-BF4B-00C04F79EFBC}") = "ThreadRebalance", "ThreadRebalance.csproj", "{554C6852-3987-4182-8991-DB83FF0C3ADC}"
EndProject
Global
	GlobalSection(SolutionConfigurationPlatforms) = preSolution
		Debug|Any CPU = Debug|Any CPU
		Release|Any CPU = Release|Any CPU
	EndGlobalSection
	GlobalSection(ProjectConfigurationPlatforms) = postSolution
		{554C6852-3987-4182-8991-DB83FF0C3ADC}.Debug|Any CPU.ActiveCfg = Debug|Any CPU
		{554C6852-3987-4182-8991-DB83FF0C3ADC}.Debug|Any CPU.Build.0 = Debug|Any CPU
		{554C6852-3987-4182-8991-DB83FF0C3ADC}.Release|Any CPU.ActiveCfg = Release|Any CPU
		{554C6852-3987-4182-8991-DB83FF0C3ADC}.Release|Any CPU.Build.0 = Release|Any CPU
	EndGlobalSection
	GlobalSection(SolutionProperties) = preSolution
		HideSolutionNode = FALSE
	EndGlobalSection
	GlobalSection(ExtensibilityGlobals) = postSolution
		SolutionGuid = {0170D238-2DFB-4219-9BDF-2457FFFB1208}
	EndGlobalSection
EndGlobal
